
Microsoft Visual Studio Solution File, Format Version 12.00
# Visual Studio Version 16
VisualStudioVersion = 16.0.31025.194
MinimumVisualStudioVersion = 10.0.40219.1
Project("{FAE04EC0-301F-11D3-BF4B-00C04F79EFBC}") = "AllWinnerTechFirmwareandKernelWorkbench", "AllWinnerTech Firmware and Kernel Workbench\AllWinnerTechFirmwareandKernelWorkbench.csproj", "{94379F58-24A3-4838-971D-17615F64D407}"
EndProject
Global
	GlobalSection(SolutionConfigurationPlatforms) = preSolution
		Debug|Any CPU = Debug|Any CPU
		Release|Any CPU = Release|Any CPU
	EndGlobalSection
	GlobalSection(ProjectConfigurationPlatforms) = postSolution
		{94379F58-24A3-4838-971D-17615F64D407}.Debug|Any CPU.ActiveCfg = Debug|Any CPU
		{94379F58-24A3-4838-971D-17615F64D407}.Debug|Any CPU.Build.0 = Debug|Any CPU
		{94379F58-24A3-4838-971D-17615F64D407}.Release|Any CPU.ActiveCfg = Release|Any CPU
		{94379F58-24A3-4838-971D-17615F64D407}.Release|Any CPU.Build.0 = Release|Any CPU
	EndGlobalSection
	GlobalSection(SolutionProperties) = preSolution
		HideSolutionNode = FALSE
	EndGlobalSection
	GlobalSection(ExtensibilityGlobals) = postSolution
		SolutionGuid = {04529AB0-947F-4DE3-A834-F74767FC333B}
	EndGlobalSection
EndGlobal
